# This file is automatically @generated by Cargo.
# It is not intended for manual editing.
version = 4

[[package]]
name = "rhof-adapters"
version = "0.1.0"
dependencies = [
 "rhof-core",
]

[[package]]
name = "rhof-cli"
version = "0.1.0"
dependencies = [
 "rhof-adapters",
 "rhof-core",
 "rhof-storage",
 "rhof-sync",
 "rhof-web",
]

[[package]]
name = "rhof-core"
version = "0.1.0"

[[package]]
name = "rhof-storage"
version = "0.1.0"
dependencies = [
 "rhof-core",
]

[[package]]
name = "rhof-sync"
version = "0.1.0"
dependencies = [
 "rhof-adapters",
 "rhof-core",
 "rhof-storage",
]

[[package]]
name = "rhof-web"
version = "0.1.0"
dependencies = [
 "rhof-core",
 "rhof-storage",
]
